{
  "requires": true,
  "lockfileVersion": 1,
  "dependencies": {
    "flunt": {
      "version": "0.0.2",
      "resolved": "https://registry.npmjs.org/flunt/-/flunt-0.0.2.tgz",
      "integrity": "sha512-hISAytU7Bvvla9uvnlBDyR3MF3Y/zW8UsTE5oAm5g3d1gkSdZ5oEgYRoQ9gon4vPEhzm+iaBOSwdtlZsScUOAQ=="
    }
  }
}
